
Microsoft Visual Studio Solution File, Format Version 12.00
# Visual Studio Version 17
VisualStudioVersion = 17.4.33122.133
MinimumVisualStudioVersion = 10.0.40219.1
Project("{FAE04EC0-301F-11D3-BF4B-00C04F79EFBC}") = "Chiffrement de Vigenère", "Chiffrement de Vigenère\Chiffrement de Vigenère.csproj", "{7421DD6A-AD13-4199-B2CC-7C1F6780EE14}"
EndProject
Global
	GlobalSection(SolutionConfigurationPlatforms) = preSolution
		Debug|Any CPU = Debug|Any CPU
		Release|Any CPU = Release|Any CPU
	EndGlobalSection
	GlobalSection(ProjectConfigurationPlatforms) = postSolution
		{7421DD6A-AD13-4199-B2CC-7C1F6780EE14}.Debug|Any CPU.ActiveCfg = Debug|Any CPU
		{7421DD6A-AD13-4199-B2CC-7C1F6780EE14}.Debug|Any CPU.Build.0 = Debug|Any CPU
		{7421DD6A-AD13-4199-B2CC-7C1F6780EE14}.Release|Any CPU.ActiveCfg = Release|Any CPU
		{7421DD6A-AD13-4199-B2CC-7C1F6780EE14}.Release|Any CPU.Build.0 = Release|Any CPU
	EndGlobalSection
	GlobalSection(SolutionProperties) = preSolution
		HideSolutionNode = FALSE
	EndGlobalSection
	GlobalSection(ExtensibilityGlobals) = postSolution
		SolutionGuid = {F1387E81-C952-42CF-A5F3-135D6F0773AF}
	EndGlobalSection
EndGlobal
